
Microsoft Visual Studio Solution File, Format Version 12.00
# Visual Studio 2012
Project("{FAE04EC0-301F-11D3-BF4B-00C04F79EFBC}") = "Banco_Exemplo_Caelum_C_Sharp", "Banco_Exemplo_Caelum_C_Sharp\Banco_Exemplo_Caelum_C_Sharp.csproj", "{03F54610-BE24-4BC8-87E6-CBABD7DF1B3C}"
EndProject
Global
	GlobalSection(SolutionConfigurationPlatforms) = preSolution
		Debug|Any CPU = Debug|Any CPU
		Release|Any CPU = Release|Any CPU
	EndGlobalSection
	GlobalSection(ProjectConfigurationPlatforms) = postSolution
		{03F54610-BE24-4BC8-87E6-CBABD7DF1B3C}.Debug|Any CPU.ActiveCfg = Debug|Any CPU
		{03F54610-BE24-4BC8-87E6-CBABD7DF1B3C}.Debug|Any CPU.Build.0 = Debug|Any CPU
		{03F54610-BE24-4BC8-87E6-CBABD7DF1B3C}.Release|Any CPU.ActiveCfg = Release|Any CPU
		{03F54610-BE24-4BC8-87E6-CBABD7DF1B3C}.Release|Any CPU.Build.0 = Release|Any CPU
	EndGlobalSection
	GlobalSection(SolutionProperties) = preSolution
		HideSolutionNode = FALSE
	EndGlobalSection
EndGlobal
